// !$*UTF8*$!
{
	archiveVersion = 1;
	classes = {
	};
	objectVersion = 50;
	objects = {

/* Begin PBXBuildFile section */
		C47F661623EB3ACE00A6E91A /* AppDelegate.swift in Sources */ = {isa = PBXBuildFile; fileRef = C47F661523EB3ACE00A6E91A /* AppDelegate.swift */; };
		C47F661823EB3ACE00A6E91A /* SceneDelegate.swift in Sources */ = {isa = PBXBuildFile; fileRef = C47F661723EB3ACE00A6E91A /* SceneDelegate.swift */; };
		C47F661A23EB3ACE00A6E91A /* MasterViewController.swift in Sources */ = {isa = PBXBuildFile; fileRef = C47F661923EB3ACE00A6E91A /* MasterViewController.swift */; };
		C47F661C23EB3ACE00A6E91A /* DetailViewController.swift in Sources */ = {isa = PBXBuildFile; fileRef = C47F661B23EB3ACE00A6E91A /* DetailViewController.swift */; };
		C47F661F23EB3ACE00A6E91A /* Main.storyboard in Resources */ = {isa = PBXBuildFile; fileRef = C47F661D23EB3ACE00A6E91A /* Main.storyboard */; };
		C47F662123EB3AD100A6E91A /* Assets.xcassets in Resources */ = {isa = PBXBuildFile; fileRef = C47F662023EB3AD100A6E91A /* Assets.xcassets */; };
		C47F662423EB3AD100A6E91A /* LaunchScreen.storyboard in Resources */ = {isa = PBXBuildFile; fileRef = C47F662223EB3AD100A6E91A /* LaunchScreen.storyboard */; };
		C47F662F23EB3AD100A6E91A /* sandTests.swift in Sources */ = {isa = PBXBuildFile; fileRef = C47F662E23EB3AD100A6E91A /* sandTests.swift */; };
		C47F663A23EB3AD100A6E91A /* sandUITests.swift in Sources */ = {isa = PBXBuildFile; fileRef = C47F663923EB3AD100A6E91A /* sandUITests.swift */; };
/* End PBXBuildFile section */

/* Begin PBXContainerItemProxy section */
		C47F662B23EB3AD100A6E91A /* PBXContainerItemProxy */ = {
			isa = PBXContainerItemProxy;
			containerPortal = C47F660A23EB3ACE00A6E91A /* Project object */;
			proxyType = 1;
			remoteGlobalIDString = C47F661123EB3ACE00A6E91A;
			remoteInfo = sand;
		};
		C47F663623EB3AD100A6E91A /* PBXContainerItemProxy */ = {
			isa = PBXContainerItemProxy;
			containerPortal = C47F660A23EB3ACE00A6E91A /* Project object */;
			proxyType = 1;
			remoteGlobalIDString = C47F661123EB3ACE00A6E91A;
			remoteInfo = sand;
		};
/* End PBXContainerItemProxy section */

/* Begin PBXFileReference section */
		C47F661223EB3ACE00A6E91A /* sand.app */ = {isa = PBXFileReference; explicitFileType = wrapper.application; includeInIndex = 0; path = sand.app; sourceTree = BUILT_PRODUCTS_DIR; };
		C47F661523EB3ACE00A6E91A /* AppDelegate.swift */ = {isa = PBXFileReference; lastKnownFileType = sourcecode.swift; path = AppDelegate.swift; sourceTree = "<group>"; };
		C47F661723EB3ACE00A6E91A /* SceneDelegate.swift */ = {isa = PBXFileReference; lastKnownFileType = sourcecode.swift; path = SceneDelegate.swift; sourceTree = "<group>"; };
		C47F661923EB3ACE00A6E91A /* MasterViewController.swift */ = {isa = PBXFileReference; lastKnownFileType = sourcecode.swift; path = MasterViewController.swift; sourceTree = "<group>"; };
		C47F661B23EB3ACE00A6E91A /* DetailViewController.swift */ = {isa = PBXFileReference; lastKnownFileType = sourcecode.swift; path = DetailViewController.swift; sourceTree = "<group>"; };
		C47F661E23EB3ACE00A6E91A /* Base */ = {isa = PBXFileReference; lastKnownFileType = file.storyboard; name = Base; path = Base.lproj/Main.storyboard; sourceTree = "<group>"; };
		C47F662023EB3AD100A6E91A /* Assets.xcassets */ = {isa = PBXFileReference; lastKnownFileType = folder.assetcatalog; path = Assets.xcassets; sourceTree = "<group>"; };
		C47F662323EB3AD100A6E91A /* Base */ = {isa = PBXFileReference; lastKnownFileType = file.storyboard; name = Base; path = Base.lproj/LaunchScreen.storyboard; sourceTree = "<group>"; };
		C47F662523EB3AD100A6E91A /* Info.plist */ = {isa = PBXFileReference; lastKnownFileType = text.plist.xml; path = Info.plist; sourceTree = "<group>"; };
		C47F662A23EB3AD100A6E91A /* sandTests.xctest */ = {isa = PBXFileReference; explicitFileType = wrapper.cfbundle; includeInIndex = 0; path = sandTests.xctest; sourceTree = BUILT_PRODUCTS_DIR; };
		C47F662E23EB3AD100A6E91A /* sandTests.swift */ = {isa = PBXFileReference; lastKnownFileType = sourcecode.swift; path = sandTests.swift; sourceTree = "<group>"; };
		C47F663023EB3AD100A6E91A /* Info.plist */ = {isa = PBXFileReference; lastKnownFileType = text.plist.xml; path = Info.plist; sourceTree = "<group>"; };
		C47F663523EB3AD100A6E91A /* sandUITests.xctest */ = {isa = PBXFileReference; explicitFileType = wrapper.cfbundle; includeInIndex = 0; path = sandUITests.xctest; sourceTree = BUILT_PRODUCTS_DIR; };
		C47F663923EB3AD100A6E91A /* sandUITests.swift */ = {isa = PBXFileReference; lastKnownFileType = sourcecode.swift; path = sandUITests.swift; sourceTree = "<group>"; };
		C47F663B23EB3AD100A6E91A /* Info.plist */ = {isa = PBXFileReference; lastKnownFileType = text.plist.xml; path = Info.plist; sourceTree = "<group>"; };
/* End PBXFileReference section */

/* Begin PBXFrameworksBuildPhase section */
		C47F660F23EB3ACE00A6E91A /* Frameworks */ = {
			isa = PBXFrameworksBuildPhase;
			buildActionMask = 2147483647;
			files = (
			);
			runOnlyForDeploymentPostprocessing = 0;
		};
		C47F662723EB3AD100A6E91A /* Frameworks */ = {
			isa = PBXFrameworksBuildPhase;
			buildActionMask = 2147483647;
			files = (
			);
			runOnlyForDeploymentPostprocessing = 0;
		};
		C47F663223EB3AD100A6E91A /* Frameworks */ = {
			isa = PBXFrameworksBuildPhase;
			buildActionMask = 2147483647;
			files = (
			);
			runOnlyForDeploymentPostprocessing = 0;
		};
/* End PBXFrameworksBuildPhase section */

/* Begin PBXGroup section */
		C47F660923EB3ACE00A6E91A = {
			isa = PBXGroup;
			children = (
				C47F661423EB3ACE00A6E91A /* sand */,
				C47F662D23EB3AD100A6E91A /* sandTests */,
				C47F663823EB3AD100A6E91A /* sandUITests */,
				C47F661323EB3ACE00A6E91A /* Products */,
			);
			sourceTree = "<group>";
		};
		C47F661323EB3ACE00A6E91A /* Products */ = {
			isa = PBXGroup;
			children = (
				C47F661223EB3ACE00A6E91A /* sand.app */,
				C47F662A23EB3AD100A6E91A /* sandTests.xctest */,
				C47F663523EB3AD100A6E91A /* sandUITests.xctest */,
			);
			name = Products;
			sourceTree = "<group>";
		};
		C47F661423EB3ACE00A6E91A /* sand */ = {
			isa = PBXGroup;
			children = (
				C47F661523EB3ACE00A6E91A /* AppDelegate.swift */,
				C47F661723EB3ACE00A6E91A /* SceneDelegate.swift */,
				C47F661923EB3ACE00A6E91A /* MasterViewController.swift */,
				C47F661B23EB3ACE00A6E91A /* DetailViewController.swift */,
				C47F661D23EB3ACE00A6E91A /* Main.storyboard */,
				C47F662023EB3AD100A6E91A /* Assets.xcassets */,
				C47F662223EB3AD100A6E91A /* LaunchScreen.storyboard */,
				C47F662523EB3AD100A6E91A /* Info.plist */,
			);
			path = sand;
			sourceTree = "<group>";
		};
		C47F662D23EB3AD100A6E91A /* sandTests */ = {
			isa = PBXGroup;
			children = (
				C47F662E23EB3AD100A6E91A /* sandTests.swift */,
				C47F663023EB3AD100A6E91A /* Info.plist */,
			);
			path = sandTests;
			sourceTree = "<group>";
		};
		C47F663823EB3AD100A6E91A /* sandUITests */ = {
			isa = PBXGroup;
			children = (
				C47F663923EB3AD100A6E91A /* sandUITests.swift */,
				C47F663B23EB3AD100A6E91A /* Info.plist */,
			);
			path = sandUITests;
			sourceTree = "<group>";
		};
/* End PBXGroup section */

/* Begin PBXNativeTarget section */
		C47F661123EB3ACE00A6E91A /* sand */ = {
			isa = PBXNativeTarget;
			buildConfigurationList = C47F663E23EB3AD100A6E91A /* Build configuration list for PBXNativeTarget "sand" */;
			buildPhases = (
				C47F660E23EB3ACE00A6E91A /* Sources */,
				C47F660F23EB3ACE00A6E91A /* Frameworks */,
				C47F661023EB3ACE00A6E91A /* Resources */,
			);
			buildRules = (
			);
			dependencies = (
			);
			name = sand;
			productName = sand;
			productReference = C47F661223EB3ACE00A6E91A /* sand.app */;
			productType = "com.apple.product-type.application";
		};
		C47F662923EB3AD100A6E91A /* sandTests */ = {
			isa = PBXNativeTarget;
			buildConfigurationList = C47F664123EB3AD100A6E91A /* Build configuration list for PBXNativeTarget "sandTests" */;
			buildPhases = (
				C47F662623EB3AD100A6E91A /* Sources */,
				C47F662723EB3AD100A6E91A /* Frameworks */,
				C47F662823EB3AD100A6E91A /* Resources */,
			);
			buildRules = (
			);
			dependencies = (
				C47F662C23EB3AD100A6E91A /* PBXTargetDependency */,
			);
			name = sandTests;
			productName = sandTests;
			productReference = C47F662A23EB3AD100A6E91A /* sandTests.xctest */;
			productType = "com.apple.product-type.bundle.unit-test";
		};
		C47F663423EB3AD100A6E91A /* sandUITests */ = {
			isa = PBXNativeTarget;
			buildConfigurationList = C47F664423EB3AD100A6E91A /* Build configuration list for PBXNativeTarget "sandUITests" */;
			buildPhases = (
				C47F663123EB3AD100A6E91A /* Sources */,
				C47F663223EB3AD100A6E91A /* Frameworks */,
				C47F663323EB3AD100A6E91A /* Resources */,
			);
			buildRules = (
			);
			dependencies = (
				C47F663723EB3AD100A6E91A /* PBXTargetDependency */,
			);
			name = sandUITests;
			productName = sandUITests;
			productReference = C47F663523EB3AD100A6E91A /* sandUITests.xctest */;
			productType = "com.apple.product-type.bundle.ui-testing";
		};
/* End PBXNativeTarget section */

/* Begin PBXProject section */
		C47F660A23EB3ACE00A6E91A /* Project object */ = {
			isa = PBXProject;
			attributes = {
				LastSwiftUpdateCheck = 1130;
				LastUpgradeCheck = 1130;
				ORGANIZATIONNAME = csci321;
				TargetAttributes = {
					C47F661123EB3ACE00A6E91A = {
						CreatedOnToolsVersion = 11.3.1;
					};
					C47F662923EB3AD100A6E91A = {
						CreatedOnToolsVersion = 11.3.1;
						TestTargetID = C47F661123EB3ACE00A6E91A;
					};
					C47F663423EB3AD100A6E91A = {
						CreatedOnToolsVersion = 11.3.1;
						TestTargetID = C47F661123EB3ACE00A6E91A;
					};
				};
			};
			buildConfigurationList = C47F660D23EB3ACE00A6E91A /* Build configuration list for PBXProject "sand" */;
			compatibilityVersion = "Xcode 9.3";
			developmentRegion = en;
			hasScannedForEncodings = 0;
			knownRegions = (
				en,
				Base,
			);
			mainGroup = C47F660923EB3ACE00A6E91A;
			productRefGroup = C47F661323EB3ACE00A6E91A /* Products */;
			projectDirPath = "";
			projectRoot = "";
			targets = (
				C47F661123EB3ACE00A6E91A /* sand */,
				C47F662923EB3AD100A6E91A /* sandTests */,
				C47F663423EB3AD100A6E91A /* sandUITests */,
			);
		};
/* End PBXProject section */

/* Begin PBXResourcesBuildPhase section */
		C47F661023EB3ACE00A6E91A /* Resources */ = {
			isa = PBXResourcesBuildPhase;
			buildActionMask = 2147483647;
			files = (
				C47F662423EB3AD100A6E91A /* LaunchScreen.storyboard in Resources */,
				C47F662123EB3AD100A6E91A /* Assets.xcassets in Resources */,
				C47F661F23EB3ACE00A6E91A /* Main.storyboard in Resources */,
			);
			runOnlyForDeploymentPostprocessing = 0;
		};
		C47F662823EB3AD100A6E91A /* Resources */ = {
			isa = PBXResourcesBuildPhase;
			buildActionMask = 2147483647;
			files = (
			);
			runOnlyForDeploymentPostprocessing = 0;
		};
		C47F663323EB3AD100A6E91A /* Resources */ = {
			isa = PBXResourcesBuildPhase;
			buildActionMask = 2147483647;
			files = (
			);
			runOnlyForDeploymentPostprocessing = 0;
		};
/* End PBXResourcesBuildPhase section */

/* Begin PBXSourcesBuildPhase section */
		C47F660E23EB3ACE00A6E91A /* Sources */ = {
			isa = PBXSourcesBuildPhase;
			buildActionMask = 2147483647;
			files = (
				C47F661623EB3ACE00A6E91A /* AppDelegate.swift in Sources */,
				C47F661823EB3ACE00A6E91A /* SceneDelegate.swift in Sources */,
				C47F661A23EB3ACE00A6E91A /* MasterViewController.swift in Sources */,
				C47F661C23EB3ACE00A6E91A /* DetailViewController.swift in Sources */,
			);
			runOnlyForDeploymentPostprocessing = 0;
		};
		C47F662623EB3AD100A6E91A /* Sources */ = {
			isa = PBXSourcesBuildPhase;
			buildActionMask = 2147483647;
			files = (
				C47F662F23EB3AD100A6E91A /* sandTests.swift in Sources */,
			);
			runOnlyForDeploymentPostprocessing = 0;
		};
		C47F663123EB3AD100A6E91A /* Sources */ = {
			isa = PBXSourcesBuildPhase;
			buildActionMask = 2147483647;
			files = (
				C47F663A23EB3AD100A6E91A /* sandUITests.swift in Sources */,
			);
			runOnlyForDeploymentPostprocessing = 0;
		};
/* End PBXSourcesBuildPhase section */

/* Begin PBXTargetDependency section */
		C47F662C23EB3AD100A6E91A /* PBXTargetDependency */ = {
			isa = PBXTargetDependency;
			target = C47F661123EB3ACE00A6E91A /* sand */;
			targetProxy = C47F662B23EB3AD100A6E91A /* PBXContainerItemProxy */;
		};
		C47F663723EB3AD100A6E91A /* PBXTargetDependency */ = {
			isa = PBXTargetDependency;
			target = C47F661123EB3ACE00A6E91A /* sand */;
			targetProxy = C47F663623EB3AD100A6E91A /* PBXContainerItemProxy */;
		};
/* End PBXTargetDependency section */

/* Begin PBXVariantGroup section */
		C47F661D23EB3ACE00A6E91A /* Main.storyboard */ = {
			isa = PBXVariantGroup;
			children = (
				C47F661E23EB3ACE00A6E91A /* Base */,
			);
			name = Main.storyboard;
			sourceTree = "<group>";
		};
		C47F662223EB3AD100A6E91A /* LaunchScreen.storyboard */ = {
			isa = PBXVariantGroup;
			children = (
				C47F662323EB3AD100A6E91A /* Base */,
			);
			name = LaunchScreen.storyboard;
			sourceTree = "<group>";
		};
/* End PBXVariantGroup section */

/* Begin XCBuildConfiguration section */
		C47F663C23EB3AD100A6E91A /* Debug */ = {
			isa = XCBuildConfiguration;
			buildSettings = {
				ALWAYS_SEARCH_USER_PATHS = NO;
				CLANG_ANALYZER_NONNULL = YES;
				CLANG_ANALYZER_NUMBER_OBJECT_CONVERSION = YES_AGGRESSIVE;
				CLANG_CXX_LANGUAGE_STANDARD = "gnu++14";
				CLANG_CXX_LIBRARY = "libc++";
				CLANG_ENABLE_MODULES = YES;
				CLANG_ENABLE_OBJC_ARC = YES;
				CLANG_ENABLE_OBJC_WEAK = YES;
				CLANG_WARN_BLOCK_CAPTURE_AUTORELEASING = YES;
				CLANG_WARN_BOOL_CONVERSION = YES;
				CLANG_WARN_COMMA = YES;
				CLANG_WARN_CONSTANT_CONVERSION = YES;
				CLANG_WARN_DEPRECATED_OBJC_IMPLEMENTATIONS = YES;
				CLANG_WARN_DIRECT_OBJC_ISA_USAGE = YES_ERROR;
				CLANG_WARN_DOCUMENTATION_COMMENTS = YES;
				CLANG_WARN_EMPTY_BODY = YES;
				CLANG_WARN_ENUM_CONVERSION = YES;
				CLANG_WARN_INFINITE_RECURSION = YES;
				CLANG_WARN_INT_CONVERSION = YES;
				CLANG_WARN_NON_LITERAL_NULL_CONVERSION = YES;
				CLANG_WARN_OBJC_IMPLICIT_RETAIN_SELF = YES;
				CLANG_WARN_OBJC_LITERAL_CONVERSION = YES;
				CLANG_WARN_OBJC_ROOT_CLASS = YES_ERROR;
				CLANG_WARN_RANGE_LOOP_ANALYSIS = YES;
				CLANG_WARN_STRICT_PROTOTYPES = YES;
				CLANG_WARN_SUSPICIOUS_MOVE = YES;
				CLANG_WARN_UNGUARDED_AVAILABILITY = YES_AGGRESSIVE;
				CLANG_WARN_UNREACHABLE_CODE = YES;
				CLANG_WARN__DUPLICATE_METHOD_MATCH = YES;
				COPY_PHASE_STRIP = NO;
				DEBUG_INFORMATION_FORMAT = dwarf;
				ENABLE_STRICT_OBJC_MSGSEND = YES;
				ENABLE_TESTABILITY = YES;
				GCC_C_LANGUAGE_STANDARD = gnu11;
				GCC_DYNAMIC_NO_PIC = NO;
				GCC_NO_COMMON_BLOCKS = YES;
				GCC_OPTIMIZATION_LEVEL = 0;
				GCC_PREPROCESSOR_DEFINITIONS = (
					"DEBUG=1",
					"$(inherited)",
				);
				GCC_WARN_64_TO_32_BIT_CONVERSION = YES;
				GCC_WARN_ABOUT_RETURN_TYPE = YES_ERROR;
				GCC_WARN_UNDECLARED_SELECTOR = YES;
				GCC_WARN_UNINITIALIZED_AUTOS = YES_AGGRESSIVE;
				GCC_WARN_UNUSED_FUNCTION = YES;
				GCC_WARN_UNUSED_VARIABLE = YES;
				IPHONEOS_DEPLOYMENT_TARGET = 13.2;
				MTL_ENABLE_DEBUG_INFO = INCLUDE_SOURCE;
				MTL_FAST_MATH = YES;
				ONLY_ACTIVE_ARCH = YES;
				SDKROOT = iphoneos;
				SWIFT_ACTIVE_COMPILATION_CONDITIONS = DEBUG;
				SWIFT_OPTIMIZATION_LEVEL = "-Onone";
			};
			name = Debug;
		};
		C47F663D23EB3AD100A6E91A /* Release */ = {
			isa = XCBuildConfiguration;
			buildSettings = {
				ALWAYS_SEARCH_USER_PATHS = NO;
				CLANG_ANALYZER_NONNULL = YES;
				CLANG_ANALYZER_NUMBER_OBJECT_CONVERSION = YES_AGGRESSIVE;
				CLANG_CXX_LANGUAGE_STANDARD = "gnu++14";
				CLANG_CXX_LIBRARY = "libc++";
				CLANG_ENABLE_MODULES = YES;
				CLANG_ENABLE_OBJC_ARC = YES;
				CLANG_ENABLE_OBJC_WEAK = YES;
				CLANG_WARN_BLOCK_CAPTURE_AUTORELEASING = YES;
				CLANG_WARN_BOOL_CONVERSION = YES;
				CLANG_WARN_COMMA = YES;
				CLANG_WARN_CONSTANT_CONVERSION = YES;
				CLANG_WARN_DEPRECATED_OBJC_IMPLEMENTATIONS = YES;
				CLANG_WARN_DIRECT_OBJC_ISA_USAGE = YES_ERROR;
				CLANG_WARN_DOCUMENTATION_COMMENTS = YES;
				CLANG_WARN_EMPTY_BODY = YES;
				CLANG_WARN_ENUM_CONVERSION = YES;
				CLANG_WARN_INFINITE_RECURSION = YES;
				CLANG_WARN_INT_CONVERSION = YES;
				CLANG_WARN_NON_LITERAL_NULL_CONVERSION = YES;
				CLANG_WARN_OBJC_IMPLICIT_RETAIN_SELF = YES;
				CLANG_WARN_OBJC_LITERAL_CONVERSION = YES;
				CLANG_WARN_OBJC_ROOT_CLASS = YES_ERROR;
				CLANG_WARN_RANGE_LOOP_ANALYSIS = YES;
				CLANG_WARN_STRICT_PROTOTYPES = YES;
				CLANG_WARN_SUSPICIOUS_MOVE = YES;
				CLANG_WARN_UNGUARDED_AVAILABILITY = YES_AGGRESSIVE;
				CLANG_WARN_UNREACHABLE_CODE = YES;
				CLANG_WARN__DUPLICATE_METHOD_MATCH = YES;
				COPY_PHASE_STRIP = NO;
				DEBUG_INFORMATION_FORMAT = "dwarf-with-dsym";
				ENABLE_NS_ASSERTIONS = NO;
				ENABLE_STRICT_OBJC_MSGSEND = YES;
				GCC_C_LANGUAGE_STANDARD = gnu11;
				GCC_NO_COMMON_BLOCKS = YES;
				GCC_WARN_64_TO_32_BIT_CONVERSION = YES;
				GCC_WARN_ABOUT_RETURN_TYPE = YES_ERROR;
				GCC_WARN_UNDECLARED_SELECTOR = YES;
				GCC_WARN_UNINITIALIZED_AUTOS = YES_AGGRESSIVE;
				GCC_WARN_UNUSED_FUNCTION = YES;
				GCC_WARN_UNUSED_VARIABLE = YES;
				IPHONEOS_DEPLOYMENT_TARGET = 13.2;
				MTL_ENABLE_DEBUG_INFO = NO;
				MTL_FAST_MATH = YES;
				SDKROOT = iphoneos;
				SWIFT_COMPILATION_MODE = wholemodule;
				SWIFT_OPTIMIZATION_LEVEL = "-O";
				VALIDATE_PRODUCT = YES;
			};
			name = Release;
		};
		C47F663F23EB3AD100A6E91A /* Debug */ = {
			isa = XCBuildConfiguration;
			buildSettings = {
				ASSETCATALOG_COMPILER_APPICON_NAME = AppIcon;
				CODE_SIGN_STYLE = Automatic;
				DEVELOPMENT_TEAM = XPMHBDH4UP;
				INFOPLIST_FILE = sand/Info.plist;
				LD_RUNPATH_SEARCH_PATHS = (
					"$(inherited)",
					"@executable_path/Frameworks",
				);
				PRODUCT_BUNDLE_IDENTIFIER = csci321.sand;
				PRODUCT_NAME = "$(TARGET_NAME)";
				SWIFT_VERSION = 5.0;
				TARGETED_DEVICE_FAMILY = "1,2";
			};
			name = Debug;
		};
		C47F664023EB3AD100A6E91A /* Release */ = {
			isa = XCBuildConfiguration;
			buildSettings = {
				ASSETCATALOG_COMPILER_APPICON_NAME = AppIcon;
				CODE_SIGN_STYLE = Automatic;
				DEVELOPMENT_TEAM = XPMHBDH4UP;
				INFOPLIST_FILE = sand/Info.plist;
				LD_RUNPATH_SEARCH_PATHS = (
					"$(inherited)",
					"@executable_path/Frameworks",
				);
				PRODUCT_BUNDLE_IDENTIFIER = csci321.sand;
				PRODUCT_NAME = "$(TARGET_NAME)";
				SWIFT_VERSION = 5.0;
				TARGETED_DEVICE_FAMILY = "1,2";
			};
			name = Release;
		};
		C47F664223EB3AD100A6E91A /* Debug */ = {
			isa = XCBuildConfiguration;
			buildSettings = {
				ALWAYS_EMBED_SWIFT_STANDARD_LIBRARIES = YES;
				BUNDLE_LOADER = "$(TEST_HOST)";
				CODE_SIGN_STYLE = Automatic;
				DEVELOPMENT_TEAM = XPMHBDH4UP;
				INFOPLIST_FILE = sandTests/Info.plist;
				IPHONEOS_DEPLOYMENT_TARGET = 13.2;
				LD_RUNPATH_SEARCH_PATHS = (
					"$(inherited)",
					"@executable_path/Frameworks",
					"@loader_path/Frameworks",
				);
				PRODUCT_BUNDLE_IDENTIFIER = csci321.sandTests;
				PRODUCT_NAME = "$(TARGET_NAME)";
				SWIFT_VERSION = 5.0;
				TARGETED_DEVICE_FAMILY = "1,2";
				TEST_HOST = "$(BUILT_PRODUCTS_DIR)/sand.app/sand";
			};
			name = Debug;
		};
		C47F664323EB3AD100A6E91A /* Release */ = {
			isa = XCBuildConfiguration;
			buildSettings = {
				ALWAYS_EMBED_SWIFT_STANDARD_LIBRARIES = YES;
				BUNDLE_LOADER = "$(TEST_HOST)";
				CODE_SIGN_STYLE = Automatic;
				DEVELOPMENT_TEAM = XPMHBDH4UP;
				INFOPLIST_FILE = sandTests/Info.plist;
				IPHONEOS_DEPLOYMENT_TARGET = 13.2;
				LD_RUNPATH_SEARCH_PATHS = (
					"$(inherited)",
					"@executable_path/Frameworks",
					"@loader_path/Frameworks",
				);
				PRODUCT_BUNDLE_IDENTIFIER = csci321.sandTests;
				PRODUCT_NAME = "$(TARGET_NAME)";
				SWIFT_VERSION = 5.0;
				TARGETED_DEVICE_FAMILY = "1,2";
				TEST_HOST = "$(BUILT_PRODUCTS_DIR)/sand.app/sand";
			};
			name = Release;
		};
		C47F664523EB3AD100A6E91A /* Debug */ = {
			isa = XCBuildConfiguration;
			buildSettings = {
				ALWAYS_EMBED_SWIFT_STANDARD_LIBRARIES = YES;
				CODE_SIGN_STYLE = Automatic;
				DEVELOPMENT_TEAM = XPMHBDH4UP;
				INFOPLIST_FILE = sandUITests/Info.plist;
				LD_RUNPATH_SEARCH_PATHS = (
					"$(inherited)",
					"@executable_path/Frameworks",
					"@loader_path/Frameworks",
				);
				PRODUCT_BUNDLE_IDENTIFIER = csci321.sandUITests;
				PRODUCT_NAME = "$(TARGET_NAME)";
				SWIFT_VERSION = 5.0;
				TARGETED_DEVICE_FAMILY = "1,2";
				TEST_TARGET_NAME = sand;
			};
			name = Debug;
		};
		C47F664623EB3AD100A6E91A /* Release */ = {
			isa = XCBuildConfiguration;
			buildSettings = {
				ALWAYS_EMBED_SWIFT_STANDARD_LIBRARIES = YES;
				CODE_SIGN_STYLE = Automatic;
				DEVELOPMENT_TEAM = XPMHBDH4UP;
				INFOPLIST_FILE = sandUITests/Info.plist;
				LD_RUNPATH_SEARCH_PATHS = (
					"$(inherited)",
					"@executable_path/Frameworks",
					"@loader_path/Frameworks",
				);
				PRODUCT_BUNDLE_IDENTIFIER = csci321.sandUITests;
				PRODUCT_NAME = "$(TARGET_NAME)";
				SWIFT_VERSION = 5.0;
				TARGETED_DEVICE_FAMILY = "1,2";
				TEST_TARGET_NAME = sand;
			};
			name = Release;
		};
/* End XCBuildConfiguration section */

/* Begin XCConfigurationList section */
		C47F660D23EB3ACE00A6E91A /* Build configuration list for PBXProject "sand" */ = {
			isa = XCConfigurationList;
			buildConfigurations = (
				C47F663C23EB3AD100A6E91A /* Debug */,
				C47F663D23EB3AD100A6E91A /* Release */,
			);
			defaultConfigurationIsVisible = 0;
			defaultConfigurationName = Release;
		};
		C47F663E23EB3AD100A6E91A /* Build configuration list for PBXNativeTarget "sand" */ = {
			isa = XCConfigurationList;
			buildConfigurations = (
				C47F663F23EB3AD100A6E91A /* Debug */,
				C47F664023EB3AD100A6E91A /* Release */,
			);
			defaultConfigurationIsVisible = 0;
			defaultConfigurationName = Release;
		};
		C47F664123EB3AD100A6E91A /* Build configuration list for PBXNativeTarget "sandTests" */ = {
			isa = XCConfigurationList;
			buildConfigurations = (
				C47F664223EB3AD100A6E91A /* Debug */,
				C47F664323EB3AD100A6E91A /* Release */,
			);
			defaultConfigurationIsVisible = 0;
			defaultConfigurationName = Release;
		};
		C47F664423EB3AD100A6E91A /* Build configuration list for PBXNativeTarget "sandUITests" */ = {
			isa = XCConfigurationList;
			buildConfigurations = (
				C47F664523EB3AD100A6E91A /* Debug */,
				C47F664623EB3AD100A6E91A /* Release */,
			);
			defaultConfigurationIsVisible = 0;
			defaultConfigurationName = Release;
		};
/* End XCConfigurationList section */
	};
	rootObject = C47F660A23EB3ACE00A6E91A /* Project object */;
}
